
Microsoft Visual Studio Solution File, Format Version 12.00
# Visual Studio 15
VisualStudioVersion = 15.0.28307.136
MinimumVisualStudioVersion = 10.0.40219.1
Project("{9A19103F-16F7-4668-BE54-9A1E7A4F7556}") = "Eols.EPiGraphQL.Core", "Eols.EPiGraphQL.Core\Eols.EPiGraphQL.Core.csproj", "{132EE61F-9862-4BDA-A273-5177E171562F}"
EndProject
Project("{9A19103F-16F7-4668-BE54-9A1E7A4F7556}") = "Eols.EPiGraphQL.Cms", "Eols.EPiGraphQL.Cms\Eols.EPiGraphQL.Cms.csproj", "{27254789-1AF4-47B9-873E-753BC5271B16}"
EndProject
Project("{FAE04EC0-301F-11D3-BF4B-00C04F79EFBC}") = "Eols.EPiGraphQL.Api", "Eols.EPiGraphQL.Api\Eols.EPiGraphQL.Api.csproj", "{74DD5BEF-1029-427B-A464-92A02DAA4823}"
EndProject
Global
	GlobalSection(SolutionConfigurationPlatforms) = preSolution
		Debug|Any CPU = Debug|Any CPU
		Release|Any CPU = Release|Any CPU
	EndGlobalSection
	GlobalSection(ProjectConfigurationPlatforms) = postSolution
		{132EE61F-9862-4BDA-A273-5177E171562F}.Debug|Any CPU.ActiveCfg = Debug|Any CPU
		{132EE61F-9862-4BDA-A273-5177E171562F}.Debug|Any CPU.Build.0 = Debug|Any CPU
		{132EE61F-9862-4BDA-A273-5177E171562F}.Release|Any CPU.ActiveCfg = Release|Any CPU
		{132EE61F-9862-4BDA-A273-5177E171562F}.Release|Any CPU.Build.0 = Release|Any CPU
		{27254789-1AF4-47B9-873E-753BC5271B16}.Debug|Any CPU.ActiveCfg = Debug|Any CPU
		{27254789-1AF4-47B9-873E-753BC5271B16}.Debug|Any CPU.Build.0 = Debug|Any CPU
		{27254789-1AF4-47B9-873E-753BC5271B16}.Release|Any CPU.ActiveCfg = Release|Any CPU
		{27254789-1AF4-47B9-873E-753BC5271B16}.Release|Any CPU.Build.0 = Release|Any CPU
		{74DD5BEF-1029-427B-A464-92A02DAA4823}.Debug|Any CPU.ActiveCfg = Debug|Any CPU
		{74DD5BEF-1029-427B-A464-92A02DAA4823}.Debug|Any CPU.Build.0 = Debug|Any CPU
		{74DD5BEF-1029-427B-A464-92A02DAA4823}.Release|Any CPU.ActiveCfg = Release|Any CPU
		{74DD5BEF-1029-427B-A464-92A02DAA4823}.Release|Any CPU.Build.0 = Release|Any CPU
	EndGlobalSection
	GlobalSection(SolutionProperties) = preSolution
		HideSolutionNode = FALSE
	EndGlobalSection
	GlobalSection(ExtensibilityGlobals) = postSolution
		SolutionGuid = {29453371-D99F-463B-990E-D730D91F6D86}
	EndGlobalSection
EndGlobal
